
Microsoft Visual Studio Solution File, Format Version 12.00
# Visual Studio Version 17
VisualStudioVersion = 17.2.32616.157
MinimumVisualStudioVersion = 10.0.40219.1
Project("{9A19103F-16F7-4668-BE54-9A1E7A4F7556}") = "Onwrd.EntityFrameworkCore", "src\Onwrd.EntityFrameworkCore\Onwrd.EntityFrameworkCore.csproj", "{F5F14F3C-F967-4ECF-A13D-F12D48705C61}"
EndProject
Project("{2150E333-8FDC-42A3-9474-1A3956D46DE8}") = "src", "src", "{8D5F1E16-0CC0-4880-85D1-8087BBD1D4E6}"
	ProjectSection(SolutionItems) = preProject
		.editorconfig = .editorconfig
		LICENSE.md = LICENSE.md
		README.md = README.md
	EndProjectSection
EndProject
Project("{2150E333-8FDC-42A3-9474-1A3956D46DE8}") = "pipelines", "pipelines", "{25BDE9A8-E3BB-4044-85DA-CD22AC6A942A}"
EndProject
Project("{2150E333-8FDC-42A3-9474-1A3956D46DE8}") = "github", "github", "{32522A24-A8A3-4DB4-BF1B-F300237F20DB}"
EndProject
Project("{2150E333-8FDC-42A3-9474-1A3956D46DE8}") = "workflows", "workflows", "{10BE5792-DFEA-4B82-8BE9-E895FBBE228E}"
	ProjectSection(SolutionItems) = preProject
		.github\workflows\ci.yml = .github\workflows\ci.yml
		.github\workflows\pr.yml = .github\workflows\pr.yml
		.github\workflows\release.yml = .github\workflows\release.yml
	EndProjectSection
EndProject
Project("{9A19103F-16F7-4668-BE54-9A1E7A4F7556}") = "Onwrd.EntityFrameworkCore.Tests", "src\Onwrd.EntityFrameworkCore.Tests\Onwrd.EntityFrameworkCore.Tests.csproj", "{D4939B04-2215-430A-8937-C0AB1D4DC892}"
EndProject
Project("{2150E333-8FDC-42A3-9474-1A3956D46DE8}") = "build", "build", "{0D84C724-F6B6-4441-BB58-D938CAA27C40}"
EndProject
Project("{2150E333-8FDC-42A3-9474-1A3956D46DE8}") = "deploy", "deploy", "{A2CF4695-D434-4597-8760-42989361C6C5}"
EndProject
Project("{9A19103F-16F7-4668-BE54-9A1E7A4F7556}") = "Onwrd.Build", "pipelines\build\build\Onwrd.Build.csproj", "{D41EA1BC-3271-4FC3-BBD1-124D72AD8E3D}"
EndProject
Project("{9A19103F-16F7-4668-BE54-9A1E7A4F7556}") = "Onwrd.Deploy", "pipelines\deploy\build\Onwrd.Deploy.csproj", "{E75EE983-CDF5-49AA-A103-9B16FF94FE5C}"
EndProject
Global
	GlobalSection(SolutionConfigurationPlatforms) = preSolution
		Debug|Any CPU = Debug|Any CPU
		Release|Any CPU = Release|Any CPU
	EndGlobalSection
	GlobalSection(ProjectConfigurationPlatforms) = postSolution
		{F5F14F3C-F967-4ECF-A13D-F12D48705C61}.Debug|Any CPU.ActiveCfg = Debug|Any CPU
		{F5F14F3C-F967-4ECF-A13D-F12D48705C61}.Debug|Any CPU.Build.0 = Debug|Any CPU
		{F5F14F3C-F967-4ECF-A13D-F12D48705C61}.Release|Any CPU.ActiveCfg = Release|Any CPU
		{F5F14F3C-F967-4ECF-A13D-F12D48705C61}.Release|Any CPU.Build.0 = Release|Any CPU
		{D4939B04-2215-430A-8937-C0AB1D4DC892}.Debug|Any CPU.ActiveCfg = Debug|Any CPU
		{D4939B04-2215-430A-8937-C0AB1D4DC892}.Debug|Any CPU.Build.0 = Debug|Any CPU
		{D4939B04-2215-430A-8937-C0AB1D4DC892}.Release|Any CPU.ActiveCfg = Release|Any CPU
		{D4939B04-2215-430A-8937-C0AB1D4DC892}.Release|Any CPU.Build.0 = Release|Any CPU
		{D41EA1BC-3271-4FC3-BBD1-124D72AD8E3D}.Debug|Any CPU.ActiveCfg = Debug|Any CPU
		{D41EA1BC-3271-4FC3-BBD1-124D72AD8E3D}.Debug|Any CPU.Build.0 = Debug|Any CPU
		{D41EA1BC-3271-4FC3-BBD1-124D72AD8E3D}.Release|Any CPU.ActiveCfg = Release|Any CPU
		{D41EA1BC-3271-4FC3-BBD1-124D72AD8E3D}.Release|Any CPU.Build.0 = Release|Any CPU
		{E75EE983-CDF5-49AA-A103-9B16FF94FE5C}.Debug|Any CPU.ActiveCfg = Debug|Any CPU
		{E75EE983-CDF5-49AA-A103-9B16FF94FE5C}.Debug|Any CPU.Build.0 = Debug|Any CPU
		{E75EE983-CDF5-49AA-A103-9B16FF94FE5C}.Release|Any CPU.ActiveCfg = Release|Any CPU
		{E75EE983-CDF5-49AA-A103-9B16FF94FE5C}.Release|Any CPU.Build.0 = Release|Any CPU
	EndGlobalSection
	GlobalSection(SolutionProperties) = preSolution
		HideSolutionNode = FALSE
	EndGlobalSection
	GlobalSection(NestedProjects) = preSolution
		{F5F14F3C-F967-4ECF-A13D-F12D48705C61} = {8D5F1E16-0CC0-4880-85D1-8087BBD1D4E6}
		{32522A24-A8A3-4DB4-BF1B-F300237F20DB} = {25BDE9A8-E3BB-4044-85DA-CD22AC6A942A}
		{10BE5792-DFEA-4B82-8BE9-E895FBBE228E} = {32522A24-A8A3-4DB4-BF1B-F300237F20DB}
		{D4939B04-2215-430A-8937-C0AB1D4DC892} = {8D5F1E16-0CC0-4880-85D1-8087BBD1D4E6}
		{0D84C724-F6B6-4441-BB58-D938CAA27C40} = {25BDE9A8-E3BB-4044-85DA-CD22AC6A942A}
		{A2CF4695-D434-4597-8760-42989361C6C5} = {25BDE9A8-E3BB-4044-85DA-CD22AC6A942A}
		{D41EA1BC-3271-4FC3-BBD1-124D72AD8E3D} = {0D84C724-F6B6-4441-BB58-D938CAA27C40}
		{E75EE983-CDF5-49AA-A103-9B16FF94FE5C} = {A2CF4695-D434-4597-8760-42989361C6C5}
	EndGlobalSection
	GlobalSection(ExtensibilityGlobals) = postSolution
		SolutionGuid = {D4D80BCA-4BE9-4882-93B9-ED405BCD142A}
	EndGlobalSection
EndGlobal
