
Microsoft Visual Studio Solution File, Format Version 12.00
# Visual Studio Version 17
VisualStudioVersion = 17.2.32616.157
MinimumVisualStudioVersion = 10.0.40219.1
Project("{9A19103F-16F7-4668-BE54-9A1E7A4F7556}") = "Onwrd.EntityFrameworkCore", "Onwrd.EntityFrameworkCore\Onwrd.EntityFrameworkCore.csproj", "{F5F14F3C-F967-4ECF-A13D-F12D48705C61}"
EndProject
Project("{9A19103F-16F7-4668-BE54-9A1E7A4F7556}") = "Onwrd.EntityFrameworkCore.Tests.Unit", "Onwrd.EntityFrameworkCore.Tests.Unit\Onwrd.EntityFrameworkCore.Tests.Unit.csproj", "{8FA08605-31EF-4D12-91C2-A165B3EFDB2B}"
EndProject
Global
	GlobalSection(SolutionConfigurationPlatforms) = preSolution
		Debug|Any CPU = Debug|Any CPU
		Release|Any CPU = Release|Any CPU
	EndGlobalSection
	GlobalSection(ProjectConfigurationPlatforms) = postSolution
		{F5F14F3C-F967-4ECF-A13D-F12D48705C61}.Debug|Any CPU.ActiveCfg = Debug|Any CPU
		{F5F14F3C-F967-4ECF-A13D-F12D48705C61}.Debug|Any CPU.Build.0 = Debug|Any CPU
		{F5F14F3C-F967-4ECF-A13D-F12D48705C61}.Release|Any CPU.ActiveCfg = Release|Any CPU
		{F5F14F3C-F967-4ECF-A13D-F12D48705C61}.Release|Any CPU.Build.0 = Release|Any CPU
		{8FA08605-31EF-4D12-91C2-A165B3EFDB2B}.Debug|Any CPU.ActiveCfg = Debug|Any CPU
		{8FA08605-31EF-4D12-91C2-A165B3EFDB2B}.Debug|Any CPU.Build.0 = Debug|Any CPU
		{8FA08605-31EF-4D12-91C2-A165B3EFDB2B}.Release|Any CPU.ActiveCfg = Release|Any CPU
		{8FA08605-31EF-4D12-91C2-A165B3EFDB2B}.Release|Any CPU.Build.0 = Release|Any CPU
	EndGlobalSection
	GlobalSection(SolutionProperties) = preSolution
		HideSolutionNode = FALSE
	EndGlobalSection
	GlobalSection(ExtensibilityGlobals) = postSolution
		SolutionGuid = {D4D80BCA-4BE9-4882-93B9-ED405BCD142A}
	EndGlobalSection
EndGlobal
